// !$*UTF8*$!
{
	archiveVersion = 1;
	classes = {
	};
	objectVersion = 50;
	objects = {

/* Begin PBXBuildFile section */
		9401E8C42304E40B00DFDA1D /* AppDelegate.swift in Sources */ = {isa = PBXBuildFile; fileRef = 9401E8C32304E40B00DFDA1D /* AppDelegate.swift */; };
		9401E8C62304E40B00DFDA1D /* IntroductionViewController.swift in Sources */ = {isa = PBXBuildFile; fileRef = 9401E8C52304E40B00DFDA1D /* IntroductionViewController.swift */; };
		9401E8C92304E40B00DFDA1D /* Main.storyboard in Resources */ = {isa = PBXBuildFile; fileRef = 9401E8C72304E40B00DFDA1D /* Main.storyboard */; };
		9401E8CB2304E40D00DFDA1D /* Assets.xcassets in Resources */ = {isa = PBXBuildFile; fileRef = 9401E8CA2304E40D00DFDA1D /* Assets.xcassets */; };
		9401E8CE2304E40D00DFDA1D /* LaunchScreen.storyboard in Resources */ = {isa = PBXBuildFile; fileRef = 9401E8CC2304E40D00DFDA1D /* LaunchScreen.storyboard */; };
		9401E8D62304EDB000DFDA1D /* QuestionViewController.swift in Sources */ = {isa = PBXBuildFile; fileRef = 9401E8D52304EDB000DFDA1D /* QuestionViewController.swift */; };
		9401E8D82304EDB900DFDA1D /* ResultsViewController.swift in Sources */ = {isa = PBXBuildFile; fileRef = 9401E8D72304EDB900DFDA1D /* ResultsViewController.swift */; };
		94EF91A32305053300C36F0E /* QuestionData.swift in Sources */ = {isa = PBXBuildFile; fileRef = 94EF91A22305053300C36F0E /* QuestionData.swift */; };
/* End PBXBuildFile section */

/* Begin PBXFileReference section */
		9401E8C02304E40B00DFDA1D /* 3P-PersonalityQuiz.app */ = {isa = PBXFileReference; explicitFileType = wrapper.application; includeInIndex = 0; path = "3P-PersonalityQuiz.app"; sourceTree = BUILT_PRODUCTS_DIR; };
		9401E8C32304E40B00DFDA1D /* AppDelegate.swift */ = {isa = PBXFileReference; lastKnownFileType = sourcecode.swift; path = AppDelegate.swift; sourceTree = "<group>"; };
		9401E8C52304E40B00DFDA1D /* IntroductionViewController.swift */ = {isa = PBXFileReference; lastKnownFileType = sourcecode.swift; path = IntroductionViewController.swift; sourceTree = "<group>"; };
		9401E8C82304E40B00DFDA1D /* Base */ = {isa = PBXFileReference; lastKnownFileType = file.storyboard; name = Base; path = Base.lproj/Main.storyboard; sourceTree = "<group>"; };
		9401E8CA2304E40D00DFDA1D /* Assets.xcassets */ = {isa = PBXFileReference; lastKnownFileType = folder.assetcatalog; path = Assets.xcassets; sourceTree = "<group>"; };
		9401E8CD2304E40D00DFDA1D /* Base */ = {isa = PBXFileReference; lastKnownFileType = file.storyboard; name = Base; path = Base.lproj/LaunchScreen.storyboard; sourceTree = "<group>"; };
		9401E8CF2304E40D00DFDA1D /* Info.plist */ = {isa = PBXFileReference; lastKnownFileType = text.plist.xml; path = Info.plist; sourceTree = "<group>"; };
		9401E8D52304EDB000DFDA1D /* QuestionViewController.swift */ = {isa = PBXFileReference; lastKnownFileType = sourcecode.swift; path = QuestionViewController.swift; sourceTree = "<group>"; };
		9401E8D72304EDB900DFDA1D /* ResultsViewController.swift */ = {isa = PBXFileReference; lastKnownFileType = sourcecode.swift; path = ResultsViewController.swift; sourceTree = "<group>"; };
		94EF91A22305053300C36F0E /* QuestionData.swift */ = {isa = PBXFileReference; lastKnownFileType = sourcecode.swift; path = QuestionData.swift; sourceTree = "<group>"; };
/* End PBXFileReference section */

/* Begin PBXFrameworksBuildPhase section */
		9401E8BD2304E40B00DFDA1D /* Frameworks */ = {
			isa = PBXFrameworksBuildPhase;
			buildActionMask = 2147483647;
			files = (
			);
			runOnlyForDeploymentPostprocessing = 0;
		};
/* End PBXFrameworksBuildPhase section */

/* Begin PBXGroup section */
		9401E8B72304E40B00DFDA1D = {
			isa = PBXGroup;
			children = (
				9401E8C22304E40B00DFDA1D /* 3P-PersonalityQuiz */,
				9401E8C12304E40B00DFDA1D /* Products */,
			);
			sourceTree = "<group>";
		};
		9401E8C12304E40B00DFDA1D /* Products */ = {
			isa = PBXGroup;
			children = (
				9401E8C02304E40B00DFDA1D /* 3P-PersonalityQuiz.app */,
			);
			name = Products;
			sourceTree = "<group>";
		};
		9401E8C22304E40B00DFDA1D /* 3P-PersonalityQuiz */ = {
			isa = PBXGroup;
			children = (
				9401E8C32304E40B00DFDA1D /* AppDelegate.swift */,
				9401E8C52304E40B00DFDA1D /* IntroductionViewController.swift */,
				9401E8C72304E40B00DFDA1D /* Main.storyboard */,
				94EF91A22305053300C36F0E /* QuestionData.swift */,
				9401E8D52304EDB000DFDA1D /* QuestionViewController.swift */,
				9401E8D72304EDB900DFDA1D /* ResultsViewController.swift */,
				9401E8CA2304E40D00DFDA1D /* Assets.xcassets */,
				9401E8CC2304E40D00DFDA1D /* LaunchScreen.storyboard */,
				9401E8CF2304E40D00DFDA1D /* Info.plist */,
			);
			path = "3P-PersonalityQuiz";
			sourceTree = "<group>";
		};
/* End PBXGroup section */

/* Begin PBXNativeTarget section */
		9401E8BF2304E40B00DFDA1D /* 3P-PersonalityQuiz */ = {
			isa = PBXNativeTarget;
			buildConfigurationList = 9401E8D22304E40D00DFDA1D /* Build configuration list for PBXNativeTarget "3P-PersonalityQuiz" */;
			buildPhases = (
				9401E8BC2304E40B00DFDA1D /* Sources */,
				9401E8BD2304E40B00DFDA1D /* Frameworks */,
				9401E8BE2304E40B00DFDA1D /* Resources */,
			);
			buildRules = (
			);
			dependencies = (
			);
			name = "3P-PersonalityQuiz";
			productName = "3P-PersonalityQuiz";
			productReference = 9401E8C02304E40B00DFDA1D /* 3P-PersonalityQuiz.app */;
			productType = "com.apple.product-type.application";
		};
/* End PBXNativeTarget section */

/* Begin PBXProject section */
		9401E8B82304E40B00DFDA1D /* Project object */ = {
			isa = PBXProject;
			attributes = {
				LastSwiftUpdateCheck = 1020;
				LastUpgradeCheck = 1020;
				ORGANIZATIONNAME = "Saad Mashkoor Siddiqui";
				TargetAttributes = {
					9401E8BF2304E40B00DFDA1D = {
						CreatedOnToolsVersion = 10.2.1;
					};
				};
			};
			buildConfigurationList = 9401E8BB2304E40B00DFDA1D /* Build configuration list for PBXProject "3P-PersonalityQuiz" */;
			compatibilityVersion = "Xcode 9.3";
			developmentRegion = en;
			hasScannedForEncodings = 0;
			knownRegions = (
				en,
				Base,
			);
			mainGroup = 9401E8B72304E40B00DFDA1D;
			productRefGroup = 9401E8C12304E40B00DFDA1D /* Products */;
			projectDirPath = "";
			projectRoot = "";
			targets = (
				9401E8BF2304E40B00DFDA1D /* 3P-PersonalityQuiz */,
			);
		};
/* End PBXProject section */

/* Begin PBXResourcesBuildPhase section */
		9401E8BE2304E40B00DFDA1D /* Resources */ = {
			isa = PBXResourcesBuildPhase;
			buildActionMask = 2147483647;
			files = (
				9401E8CE2304E40D00DFDA1D /* LaunchScreen.storyboard in Resources */,
				9401E8CB2304E40D00DFDA1D /* Assets.xcassets in Resources */,
				9401E8C92304E40B00DFDA1D /* Main.storyboard in Resources */,
			);
			runOnlyForDeploymentPostprocessing = 0;
		};
/* End PBXResourcesBuildPhase section */

/* Begin PBXSourcesBuildPhase section */
		9401E8BC2304E40B00DFDA1D /* Sources */ = {
			isa = PBXSourcesBuildPhase;
			buildActionMask = 2147483647;
			files = (
				9401E8C62304E40B00DFDA1D /* IntroductionViewController.swift in Sources */,
				9401E8C42304E40B00DFDA1D /* AppDelegate.swift in Sources */,
				94EF91A32305053300C36F0E /* QuestionData.swift in Sources */,
				9401E8D62304EDB000DFDA1D /* QuestionViewController.swift in Sources */,
				9401E8D82304EDB900DFDA1D /* ResultsViewController.swift in Sources */,
			);
			runOnlyForDeploymentPostprocessing = 0;
		};
/* End PBXSourcesBuildPhase section */

/* Begin PBXVariantGroup section */
		9401E8C72304E40B00DFDA1D /* Main.storyboard */ = {
			isa = PBXVariantGroup;
			children = (
				9401E8C82304E40B00DFDA1D /* Base */,
			);
			name = Main.storyboard;
			sourceTree = "<group>";
		};
		9401E8CC2304E40D00DFDA1D /* LaunchScreen.storyboard */ = {
			isa = PBXVariantGroup;
			children = (
				9401E8CD2304E40D00DFDA1D /* Base */,
			);
			name = LaunchScreen.storyboard;
			sourceTree = "<group>";
		};
/* End PBXVariantGroup section */

/* Begin XCBuildConfiguration section */
		9401E8D02304E40D00DFDA1D /* Debug */ = {
			isa = XCBuildConfiguration;
			buildSettings = {
				ALWAYS_SEARCH_USER_PATHS = NO;
				CLANG_ANALYZER_NONNULL = YES;
				CLANG_ANALYZER_NUMBER_OBJECT_CONVERSION = YES_AGGRESSIVE;
				CLANG_CXX_LANGUAGE_STANDARD = "gnu++14";
				CLANG_CXX_LIBRARY = "libc++";
				CLANG_ENABLE_MODULES = YES;
				CLANG_ENABLE_OBJC_ARC = YES;
				CLANG_ENABLE_OBJC_WEAK = YES;
				CLANG_WARN_BLOCK_CAPTURE_AUTORELEASING = YES;
				CLANG_WARN_BOOL_CONVERSION = YES;
				CLANG_WARN_COMMA = YES;
				CLANG_WARN_CONSTANT_CONVERSION = YES;
				CLANG_WARN_DEPRECATED_OBJC_IMPLEMENTATIONS = YES;
				CLANG_WARN_DIRECT_OBJC_ISA_USAGE = YES_ERROR;
				CLANG_WARN_DOCUMENTATION_COMMENTS = YES;
				CLANG_WARN_EMPTY_BODY = YES;
				CLANG_WARN_ENUM_CONVERSION = YES;
				CLANG_WARN_INFINITE_RECURSION = YES;
				CLANG_WARN_INT_CONVERSION = YES;
				CLANG_WARN_NON_LITERAL_NULL_CONVERSION = YES;
				CLANG_WARN_OBJC_IMPLICIT_RETAIN_SELF = YES;
				CLANG_WARN_OBJC_LITERAL_CONVERSION = YES;
				CLANG_WARN_OBJC_ROOT_CLASS = YES_ERROR;
				CLANG_WARN_RANGE_LOOP_ANALYSIS = YES;
				CLANG_WARN_STRICT_PROTOTYPES = YES;
				CLANG_WARN_SUSPICIOUS_MOVE = YES;
				CLANG_WARN_UNGUARDED_AVAILABILITY = YES_AGGRESSIVE;
				CLANG_WARN_UNREACHABLE_CODE = YES;
				CLANG_WARN__DUPLICATE_METHOD_MATCH = YES;
				CODE_SIGN_IDENTITY = "iPhone Developer";
				COPY_PHASE_STRIP = NO;
				DEBUG_INFORMATION_FORMAT = dwarf;
				ENABLE_STRICT_OBJC_MSGSEND = YES;
				ENABLE_TESTABILITY = YES;
				GCC_C_LANGUAGE_STANDARD = gnu11;
				GCC_DYNAMIC_NO_PIC = NO;
				GCC_NO_COMMON_BLOCKS = YES;
				GCC_OPTIMIZATION_LEVEL = 0;
				GCC_PREPROCESSOR_DEFINITIONS = (
					"DEBUG=1",
					"$(inherited)",
				);
				GCC_WARN_64_TO_32_BIT_CONVERSION = YES;
				GCC_WARN_ABOUT_RETURN_TYPE = YES_ERROR;
				GCC_WARN_UNDECLARED_SELECTOR = YES;
				GCC_WARN_UNINITIALIZED_AUTOS = YES_AGGRESSIVE;
				GCC_WARN_UNUSED_FUNCTION = YES;
				GCC_WARN_UNUSED_VARIABLE = YES;
				IPHONEOS_DEPLOYMENT_TARGET = 12.2;
				MTL_ENABLE_DEBUG_INFO = INCLUDE_SOURCE;
				MTL_FAST_MATH = YES;
				ONLY_ACTIVE_ARCH = YES;
				SDKROOT = iphoneos;
				SWIFT_ACTIVE_COMPILATION_CONDITIONS = DEBUG;
				SWIFT_OPTIMIZATION_LEVEL = "-Onone";
			};
			name = Debug;
		};
		9401E8D12304E40D00DFDA1D /* Release */ = {
			isa = XCBuildConfiguration;
			buildSettings = {
				ALWAYS_SEARCH_USER_PATHS = NO;
				CLANG_ANALYZER_NONNULL = YES;
				CLANG_ANALYZER_NUMBER_OBJECT_CONVERSION = YES_AGGRESSIVE;
				CLANG_CXX_LANGUAGE_STANDARD = "gnu++14";
				CLANG_CXX_LIBRARY = "libc++";
				CLANG_ENABLE_MODULES = YES;
				CLANG_ENABLE_OBJC_ARC = YES;
				CLANG_ENABLE_OBJC_WEAK = YES;
				CLANG_WARN_BLOCK_CAPTURE_AUTORELEASING = YES;
				CLANG_WARN_BOOL_CONVERSION = YES;
				CLANG_WARN_COMMA = YES;
				CLANG_WARN_CONSTANT_CONVERSION = YES;
				CLANG_WARN_DEPRECATED_OBJC_IMPLEMENTATIONS = YES;
				CLANG_WARN_DIRECT_OBJC_ISA_USAGE = YES_ERROR;
				CLANG_WARN_DOCUMENTATION_COMMENTS = YES;
				CLANG_WARN_EMPTY_BODY = YES;
				CLANG_WARN_ENUM_CONVERSION = YES;
				CLANG_WARN_INFINITE_RECURSION = YES;
				CLANG_WARN_INT_CONVERSION = YES;
				CLANG_WARN_NON_LITERAL_NULL_CONVERSION = YES;
				CLANG_WARN_OBJC_IMPLICIT_RETAIN_SELF = YES;
				CLANG_WARN_OBJC_LITERAL_CONVERSION = YES;
				CLANG_WARN_OBJC_ROOT_CLASS = YES_ERROR;
				CLANG_WARN_RANGE_LOOP_ANALYSIS = YES;
				CLANG_WARN_STRICT_PROTOTYPES = YES;
				CLANG_WARN_SUSPICIOUS_MOVE = YES;
				CLANG_WARN_UNGUARDED_AVAILABILITY = YES_AGGRESSIVE;
				CLANG_WARN_UNREACHABLE_CODE = YES;
				CLANG_WARN__DUPLICATE_METHOD_MATCH = YES;
				CODE_SIGN_IDENTITY = "iPhone Developer";
				COPY_PHASE_STRIP = NO;
				DEBUG_INFORMATION_FORMAT = "dwarf-with-dsym";
				ENABLE_NS_ASSERTIONS = NO;
				ENABLE_STRICT_OBJC_MSGSEND = YES;
				GCC_C_LANGUAGE_STANDARD = gnu11;
				GCC_NO_COMMON_BLOCKS = YES;
				GCC_WARN_64_TO_32_BIT_CONVERSION = YES;
				GCC_WARN_ABOUT_RETURN_TYPE = YES_ERROR;
				GCC_WARN_UNDECLARED_SELECTOR = YES;
				GCC_WARN_UNINITIALIZED_AUTOS = YES_AGGRESSIVE;
				GCC_WARN_UNUSED_FUNCTION = YES;
				GCC_WARN_UNUSED_VARIABLE = YES;
				IPHONEOS_DEPLOYMENT_TARGET = 12.2;
				MTL_ENABLE_DEBUG_INFO = NO;
				MTL_FAST_MATH = YES;
				SDKROOT = iphoneos;
				SWIFT_COMPILATION_MODE = wholemodule;
				SWIFT_OPTIMIZATION_LEVEL = "-O";
				VALIDATE_PRODUCT = YES;
			};
			name = Release;
		};
		9401E8D32304E40D00DFDA1D /* Debug */ = {
			isa = XCBuildConfiguration;
			buildSettings = {
				ASSETCATALOG_COMPILER_APPICON_NAME = AppIcon;
				CODE_SIGN_STYLE = Automatic;
				INFOPLIST_FILE = "3P-PersonalityQuiz/Info.plist";
				LD_RUNPATH_SEARCH_PATHS = (
					"$(inherited)",
					"@executable_path/Frameworks",
				);
				PRODUCT_BUNDLE_IDENTIFIER = "com.saadmashkoorsiddiqui.-P-PersonalityQuiz";
				PRODUCT_NAME = "$(TARGET_NAME)";
				SWIFT_VERSION = 5.0;
				TARGETED_DEVICE_FAMILY = "1,2";
			};
			name = Debug;
		};
		9401E8D42304E40D00DFDA1D /* Release */ = {
			isa = XCBuildConfiguration;
			buildSettings = {
				ASSETCATALOG_COMPILER_APPICON_NAME = AppIcon;
				CODE_SIGN_STYLE = Automatic;
				INFOPLIST_FILE = "3P-PersonalityQuiz/Info.plist";
				LD_RUNPATH_SEARCH_PATHS = (
					"$(inherited)",
					"@executable_path/Frameworks",
				);
				PRODUCT_BUNDLE_IDENTIFIER = "com.saadmashkoorsiddiqui.-P-PersonalityQuiz";
				PRODUCT_NAME = "$(TARGET_NAME)";
				SWIFT_VERSION = 5.0;
				TARGETED_DEVICE_FAMILY = "1,2";
			};
			name = Release;
		};
/* End XCBuildConfiguration section */

/* Begin XCConfigurationList section */
		9401E8BB2304E40B00DFDA1D /* Build configuration list for PBXProject "3P-PersonalityQuiz" */ = {
			isa = XCConfigurationList;
			buildConfigurations = (
				9401E8D02304E40D00DFDA1D /* Debug */,
				9401E8D12304E40D00DFDA1D /* Release */,
			);
			defaultConfigurationIsVisible = 0;
			defaultConfigurationName = Release;
		};
		9401E8D22304E40D00DFDA1D /* Build configuration list for PBXNativeTarget "3P-PersonalityQuiz" */ = {
			isa = XCConfigurationList;
			buildConfigurations = (
				9401E8D32304E40D00DFDA1D /* Debug */,
				9401E8D42304E40D00DFDA1D /* Release */,
			);
			defaultConfigurationIsVisible = 0;
			defaultConfigurationName = Release;
		};
/* End XCConfigurationList section */
	};
	rootObject = 9401E8B82304E40B00DFDA1D /* Project object */;
}
